// !$*UTF8*$!
{
	archiveVersion = 1;
	classes = {
	};
	objectVersion = 55;
	objects = {

/* Begin PBXBuildFile section */
		184D15B527D8C01B00877FE2 /* AppDelegate.swift in Sources */ = {isa = PBXBuildFile; fileRef = 184D15B427D8C01B00877FE2 /* AppDelegate.swift */; };
		184D15B727D8C01B00877FE2 /* SceneDelegate.swift in Sources */ = {isa = PBXBuildFile; fileRef = 184D15B627D8C01B00877FE2 /* SceneDelegate.swift */; };
		184D15B927D8C01B00877FE2 /* ViewController.swift in Sources */ = {isa = PBXBuildFile; fileRef = 184D15B827D8C01B00877FE2 /* ViewController.swift */; };
		184D15BC27D8C01B00877FE2 /* Main.storyboard in Resources */ = {isa = PBXBuildFile; fileRef = 184D15BA27D8C01B00877FE2 /* Main.storyboard */; };
		184D15BE27D8C01D00877FE2 /* Assets.xcassets in Resources */ = {isa = PBXBuildFile; fileRef = 184D15BD27D8C01D00877FE2 /* Assets.xcassets */; };
		184D15C127D8C01D00877FE2 /* LaunchScreen.storyboard in Resources */ = {isa = PBXBuildFile; fileRef = 184D15BF27D8C01D00877FE2 /* LaunchScreen.storyboard */; };
		184D15CC27D8C01D00877FE2 /* login_navigationTests.swift in Sources */ = {isa = PBXBuildFile; fileRef = 184D15CB27D8C01D00877FE2 /* login_navigationTests.swift */; };
		184D15D627D8C01D00877FE2 /* login_navigationUITests.swift in Sources */ = {isa = PBXBuildFile; fileRef = 184D15D527D8C01D00877FE2 /* login_navigationUITests.swift */; };
		184D15D827D8C01D00877FE2 /* login_navigationUITestsLaunchTests.swift in Sources */ = {isa = PBXBuildFile; fileRef = 184D15D727D8C01D00877FE2 /* login_navigationUITestsLaunchTests.swift */; };
		184D15E827D8C94700877FE2 /* Second View.swift in Sources */ = {isa = PBXBuildFile; fileRef = 184D15E727D8C94700877FE2 /* Second View.swift */; };
		184D15EC27D8D1F700877FE2 /* Third View.swift in Sources */ = {isa = PBXBuildFile; fileRef = 184D15EB27D8D1F700877FE2 /* Third View.swift */; };
/* End PBXBuildFile section */

/* Begin PBXContainerItemProxy section */
		184D15C827D8C01D00877FE2 /* PBXContainerItemProxy */ = {
			isa = PBXContainerItemProxy;
			containerPortal = 184D15A927D8C01B00877FE2 /* Project object */;
			proxyType = 1;
			remoteGlobalIDString = 184D15B027D8C01B00877FE2;
			remoteInfo = "login navigation";
		};
		184D15D227D8C01D00877FE2 /* PBXContainerItemProxy */ = {
			isa = PBXContainerItemProxy;
			containerPortal = 184D15A927D8C01B00877FE2 /* Project object */;
			proxyType = 1;
			remoteGlobalIDString = 184D15B027D8C01B00877FE2;
			remoteInfo = "login navigation";
		};
/* End PBXContainerItemProxy section */

/* Begin PBXFileReference section */
		184D15B127D8C01B00877FE2 /* login navigation.app */ = {isa = PBXFileReference; explicitFileType = wrapper.application; includeInIndex = 0; path = "login navigation.app"; sourceTree = BUILT_PRODUCTS_DIR; };
		184D15B427D8C01B00877FE2 /* AppDelegate.swift */ = {isa = PBXFileReference; lastKnownFileType = sourcecode.swift; path = AppDelegate.swift; sourceTree = "<group>"; };
		184D15B627D8C01B00877FE2 /* SceneDelegate.swift */ = {isa = PBXFileReference; lastKnownFileType = sourcecode.swift; path = SceneDelegate.swift; sourceTree = "<group>"; };
		184D15B827D8C01B00877FE2 /* ViewController.swift */ = {isa = PBXFileReference; lastKnownFileType = sourcecode.swift; path = ViewController.swift; sourceTree = "<group>"; };
		184D15BB27D8C01B00877FE2 /* Base */ = {isa = PBXFileReference; lastKnownFileType = file.storyboard; name = Base; path = Base.lproj/Main.storyboard; sourceTree = "<group>"; };
		184D15BD27D8C01D00877FE2 /* Assets.xcassets */ = {isa = PBXFileReference; lastKnownFileType = folder.assetcatalog; path = Assets.xcassets; sourceTree = "<group>"; };
		184D15C027D8C01D00877FE2 /* Base */ = {isa = PBXFileReference; lastKnownFileType = file.storyboard; name = Base; path = Base.lproj/LaunchScreen.storyboard; sourceTree = "<group>"; };
		184D15C227D8C01D00877FE2 /* Info.plist */ = {isa = PBXFileReference; lastKnownFileType = text.plist.xml; path = Info.plist; sourceTree = "<group>"; };
		184D15C727D8C01D00877FE2 /* login navigationTests.xctest */ = {isa = PBXFileReference; explicitFileType = wrapper.cfbundle; includeInIndex = 0; path = "login navigationTests.xctest"; sourceTree = BUILT_PRODUCTS_DIR; };
		184D15CB27D8C01D00877FE2 /* login_navigationTests.swift */ = {isa = PBXFileReference; lastKnownFileType = sourcecode.swift; path = login_navigationTests.swift; sourceTree = "<group>"; };
		184D15D127D8C01D00877FE2 /* login navigationUITests.xctest */ = {isa = PBXFileReference; explicitFileType = wrapper.cfbundle; includeInIndex = 0; path = "login navigationUITests.xctest"; sourceTree = BUILT_PRODUCTS_DIR; };
		184D15D527D8C01D00877FE2 /* login_navigationUITests.swift */ = {isa = PBXFileReference; lastKnownFileType = sourcecode.swift; path = login_navigationUITests.swift; sourceTree = "<group>"; };
		184D15D727D8C01D00877FE2 /* login_navigationUITestsLaunchTests.swift */ = {isa = PBXFileReference; lastKnownFileType = sourcecode.swift; path = login_navigationUITestsLaunchTests.swift; sourceTree = "<group>"; };
		184D15E727D8C94700877FE2 /* Second View.swift */ = {isa = PBXFileReference; lastKnownFileType = sourcecode.swift; path = "Second View.swift"; sourceTree = "<group>"; };
		184D15EB27D8D1F700877FE2 /* Third View.swift */ = {isa = PBXFileReference; lastKnownFileType = sourcecode.swift; path = "Third View.swift"; sourceTree = "<group>"; };
/* End PBXFileReference section */

/* Begin PBXFrameworksBuildPhase section */
		184D15AE27D8C01B00877FE2 /* Frameworks */ = {
			isa = PBXFrameworksBuildPhase;
			buildActionMask = 2147483647;
			files = (
			);
			runOnlyForDeploymentPostprocessing = 0;
		};
		184D15C427D8C01D00877FE2 /* Frameworks */ = {
			isa = PBXFrameworksBuildPhase;
			buildActionMask = 2147483647;
			files = (
			);
			runOnlyForDeploymentPostprocessing = 0;
		};
		184D15CE27D8C01D00877FE2 /* Frameworks */ = {
			isa = PBXFrameworksBuildPhase;
			buildActionMask = 2147483647;
			files = (
			);
			runOnlyForDeploymentPostprocessing = 0;
		};
/* End PBXFrameworksBuildPhase section */

/* Begin PBXGroup section */
		184D15A827D8C01B00877FE2 = {
			isa = PBXGroup;
			children = (
				184D15B327D8C01B00877FE2 /* login navigation */,
				184D15CA27D8C01D00877FE2 /* login navigationTests */,
				184D15D427D8C01D00877FE2 /* login navigationUITests */,
				184D15B227D8C01B00877FE2 /* Products */,
			);
			sourceTree = "<group>";
		};
		184D15B227D8C01B00877FE2 /* Products */ = {
			isa = PBXGroup;
			children = (
				184D15B127D8C01B00877FE2 /* login navigation.app */,
				184D15C727D8C01D00877FE2 /* login navigationTests.xctest */,
				184D15D127D8C01D00877FE2 /* login navigationUITests.xctest */,
			);
			name = Products;
			sourceTree = "<group>";
		};
		184D15B327D8C01B00877FE2 /* login navigation */ = {
			isa = PBXGroup;
			children = (
				184D15B427D8C01B00877FE2 /* AppDelegate.swift */,
				184D15B627D8C01B00877FE2 /* SceneDelegate.swift */,
				184D15B827D8C01B00877FE2 /* ViewController.swift */,
				184D15BA27D8C01B00877FE2 /* Main.storyboard */,
				184D15EB27D8D1F700877FE2 /* Third View.swift */,
				184D15E727D8C94700877FE2 /* Second View.swift */,
				184D15BD27D8C01D00877FE2 /* Assets.xcassets */,
				184D15BF27D8C01D00877FE2 /* LaunchScreen.storyboard */,
				184D15C227D8C01D00877FE2 /* Info.plist */,
			);
			path = "login navigation";
			sourceTree = "<group>";
		};
		184D15CA27D8C01D00877FE2 /* login navigationTests */ = {
			isa = PBXGroup;
			children = (
				184D15CB27D8C01D00877FE2 /* login_navigationTests.swift */,
			);
			path = "login navigationTests";
			sourceTree = "<group>";
		};
		184D15D427D8C01D00877FE2 /* login navigationUITests */ = {
			isa = PBXGroup;
			children = (
				184D15D527D8C01D00877FE2 /* login_navigationUITests.swift */,
				184D15D727D8C01D00877FE2 /* login_navigationUITestsLaunchTests.swift */,
			);
			path = "login navigationUITests";
			sourceTree = "<group>";
		};
/* End PBXGroup section */

/* Begin PBXNativeTarget section */
		184D15B027D8C01B00877FE2 /* login navigation */ = {
			isa = PBXNativeTarget;
			buildConfigurationList = 184D15DB27D8C01D00877FE2 /* Build configuration list for PBXNativeTarget "login navigation" */;
			buildPhases = (
				184D15AD27D8C01B00877FE2 /* Sources */,
				184D15AE27D8C01B00877FE2 /* Frameworks */,
				184D15AF27D8C01B00877FE2 /* Resources */,
			);
			buildRules = (
			);
			dependencies = (
			);
			name = "login navigation";
			productName = "login navigation";
			productReference = 184D15B127D8C01B00877FE2 /* login navigation.app */;
			productType = "com.apple.product-type.application";
		};
		184D15C627D8C01D00877FE2 /* login navigationTests */ = {
			isa = PBXNativeTarget;
			buildConfigurationList = 184D15DE27D8C01D00877FE2 /* Build configuration list for PBXNativeTarget "login navigationTests" */;
			buildPhases = (
				184D15C327D8C01D00877FE2 /* Sources */,
				184D15C427D8C01D00877FE2 /* Frameworks */,
				184D15C527D8C01D00877FE2 /* Resources */,
			);
			buildRules = (
			);
			dependencies = (
				184D15C927D8C01D00877FE2 /* PBXTargetDependency */,
			);
			name = "login navigationTests";
			productName = "login navigationTests";
			productReference = 184D15C727D8C01D00877FE2 /* login navigationTests.xctest */;
			productType = "com.apple.product-type.bundle.unit-test";
		};
		184D15D027D8C01D00877FE2 /* login navigationUITests */ = {
			isa = PBXNativeTarget;
			buildConfigurationList = 184D15E127D8C01D00877FE2 /* Build configuration list for PBXNativeTarget "login navigationUITests" */;
			buildPhases = (
				184D15CD27D8C01D00877FE2 /* Sources */,
				184D15CE27D8C01D00877FE2 /* Frameworks */,
				184D15CF27D8C01D00877FE2 /* Resources */,
			);
			buildRules = (
			);
			dependencies = (
				184D15D327D8C01D00877FE2 /* PBXTargetDependency */,
			);
			name = "login navigationUITests";
			productName = "login navigationUITests";
			productReference = 184D15D127D8C01D00877FE2 /* login navigationUITests.xctest */;
			productType = "com.apple.product-type.bundle.ui-testing";
		};
/* End PBXNativeTarget section */

/* Begin PBXProject section */
		184D15A927D8C01B00877FE2 /* Project object */ = {
			isa = PBXProject;
			attributes = {
				BuildIndependentTargetsInParallel = 1;
				LastSwiftUpdateCheck = 1320;
				LastUpgradeCheck = 1320;
				TargetAttributes = {
					184D15B027D8C01B00877FE2 = {
						CreatedOnToolsVersion = 13.2.1;
					};
					184D15C627D8C01D00877FE2 = {
						CreatedOnToolsVersion = 13.2.1;
						TestTargetID = 184D15B027D8C01B00877FE2;
					};
					184D15D027D8C01D00877FE2 = {
						CreatedOnToolsVersion = 13.2.1;
						TestTargetID = 184D15B027D8C01B00877FE2;
					};
				};
			};
			buildConfigurationList = 184D15AC27D8C01B00877FE2 /* Build configuration list for PBXProject "login navigation" */;
			compatibilityVersion = "Xcode 13.0";
			developmentRegion = en;
			hasScannedForEncodings = 0;
			knownRegions = (
				en,
				Base,
			);
			mainGroup = 184D15A827D8C01B00877FE2;
			productRefGroup = 184D15B227D8C01B00877FE2 /* Products */;
			projectDirPath = "";
			projectRoot = "";
			targets = (
				184D15B027D8C01B00877FE2 /* login navigation */,
				184D15C627D8C01D00877FE2 /* login navigationTests */,
				184D15D027D8C01D00877FE2 /* login navigationUITests */,
			);
		};
/* End PBXProject section */

/* Begin PBXResourcesBuildPhase section */
		184D15AF27D8C01B00877FE2 /* Resources */ = {
			isa = PBXResourcesBuildPhase;
			buildActionMask = 2147483647;
			files = (
				184D15C127D8C01D00877FE2 /* LaunchScreen.storyboard in Resources */,
				184D15BE27D8C01D00877FE2 /* Assets.xcassets in Resources */,
				184D15BC27D8C01B00877FE2 /* Main.storyboard in Resources */,
			);
			runOnlyForDeploymentPostprocessing = 0;
		};
		184D15C527D8C01D00877FE2 /* Resources */ = {
			isa = PBXResourcesBuildPhase;
			buildActionMask = 2147483647;
			files = (
			);
			runOnlyForDeploymentPostprocessing = 0;
		};
		184D15CF27D8C01D00877FE2 /* Resources */ = {
			isa = PBXResourcesBuildPhase;
			buildActionMask = 2147483647;
			files = (
			);
			runOnlyForDeploymentPostprocessing = 0;
		};
/* End PBXResourcesBuildPhase section */

/* Begin PBXSourcesBuildPhase section */
		184D15AD27D8C01B00877FE2 /* Sources */ = {
			isa = PBXSourcesBuildPhase;
			buildActionMask = 2147483647;
			files = (
				184D15EC27D8D1F700877FE2 /* Third View.swift in Sources */,
				184D15B927D8C01B00877FE2 /* ViewController.swift in Sources */,
				184D15B527D8C01B00877FE2 /* AppDelegate.swift in Sources */,
				184D15B727D8C01B00877FE2 /* SceneDelegate.swift in Sources */,
				184D15E827D8C94700877FE2 /* Second View.swift in Sources */,
			);
			runOnlyForDeploymentPostprocessing = 0;
		};
		184D15C327D8C01D00877FE2 /* Sources */ = {
			isa = PBXSourcesBuildPhase;
			buildActionMask = 2147483647;
			files = (
				184D15CC27D8C01D00877FE2 /* login_navigationTests.swift in Sources */,
			);
			runOnlyForDeploymentPostprocessing = 0;
		};
		184D15CD27D8C01D00877FE2 /* Sources */ = {
			isa = PBXSourcesBuildPhase;
			buildActionMask = 2147483647;
			files = (
				184D15D827D8C01D00877FE2 /* login_navigationUITestsLaunchTests.swift in Sources */,
				184D15D627D8C01D00877FE2 /* login_navigationUITests.swift in Sources */,
			);
			runOnlyForDeploymentPostprocessing = 0;
		};
/* End PBXSourcesBuildPhase section */

/* Begin PBXTargetDependency section */
		184D15C927D8C01D00877FE2 /* PBXTargetDependency */ = {
			isa = PBXTargetDependency;
			target = 184D15B027D8C01B00877FE2 /* login navigation */;
			targetProxy = 184D15C827D8C01D00877FE2 /* PBXContainerItemProxy */;
		};
		184D15D327D8C01D00877FE2 /* PBXTargetDependency */ = {
			isa = PBXTargetDependency;
			target = 184D15B027D8C01B00877FE2 /* login navigation */;
			targetProxy = 184D15D227D8C01D00877FE2 /* PBXContainerItemProxy */;
		};
/* End PBXTargetDependency section */

/* Begin PBXVariantGroup section */
		184D15BA27D8C01B00877FE2 /* Main.storyboard */ = {
			isa = PBXVariantGroup;
			children = (
				184D15BB27D8C01B00877FE2 /* Base */,
			);
			name = Main.storyboard;
			sourceTree = "<group>";
		};
		184D15BF27D8C01D00877FE2 /* LaunchScreen.storyboard */ = {
			isa = PBXVariantGroup;
			children = (
				184D15C027D8C01D00877FE2 /* Base */,
			);
			name = LaunchScreen.storyboard;
			sourceTree = "<group>";
		};
/* End PBXVariantGroup section */

/* Begin XCBuildConfiguration section */
		184D15D927D8C01D00877FE2 /* Debug */ = {
			isa = XCBuildConfiguration;
			buildSettings = {
				ALWAYS_SEARCH_USER_PATHS = NO;
				CLANG_ANALYZER_NONNULL = YES;
				CLANG_ANALYZER_NUMBER_OBJECT_CONVERSION = YES_AGGRESSIVE;
				CLANG_CXX_LANGUAGE_STANDARD = "gnu++17";
				CLANG_CXX_LIBRARY = "libc++";
				CLANG_ENABLE_MODULES = YES;
				CLANG_ENABLE_OBJC_ARC = YES;
				CLANG_ENABLE_OBJC_WEAK = YES;
				CLANG_WARN_BLOCK_CAPTURE_AUTORELEASING = YES;
				CLANG_WARN_BOOL_CONVERSION = YES;
				CLANG_WARN_COMMA = YES;
				CLANG_WARN_CONSTANT_CONVERSION = YES;
				CLANG_WARN_DEPRECATED_OBJC_IMPLEMENTATIONS = YES;
				CLANG_WARN_DIRECT_OBJC_ISA_USAGE = YES_ERROR;
				CLANG_WARN_DOCUMENTATION_COMMENTS = YES;
				CLANG_WARN_EMPTY_BODY = YES;
				CLANG_WARN_ENUM_CONVERSION = YES;
				CLANG_WARN_INFINITE_RECURSION = YES;
				CLANG_WARN_INT_CONVERSION = YES;
				CLANG_WARN_NON_LITERAL_NULL_CONVERSION = YES;
				CLANG_WARN_OBJC_IMPLICIT_RETAIN_SELF = YES;
				CLANG_WARN_OBJC_LITERAL_CONVERSION = YES;
				CLANG_WARN_OBJC_ROOT_CLASS = YES_ERROR;
				CLANG_WARN_QUOTED_INCLUDE_IN_FRAMEWORK_HEADER = YES;
				CLANG_WARN_RANGE_LOOP_ANALYSIS = YES;
				CLANG_WARN_STRICT_PROTOTYPES = YES;
				CLANG_WARN_SUSPICIOUS_MOVE = YES;
				CLANG_WARN_UNGUARDED_AVAILABILITY = YES_AGGRESSIVE;
				CLANG_WARN_UNREACHABLE_CODE = YES;
				CLANG_WARN__DUPLICATE_METHOD_MATCH = YES;
				COPY_PHASE_STRIP = NO;
				DEBUG_INFORMATION_FORMAT = dwarf;
				ENABLE_STRICT_OBJC_MSGSEND = YES;
				ENABLE_TESTABILITY = YES;
				GCC_C_LANGUAGE_STANDARD = gnu11;
				GCC_DYNAMIC_NO_PIC = NO;
				GCC_NO_COMMON_BLOCKS = YES;
				GCC_OPTIMIZATION_LEVEL = 0;
				GCC_PREPROCESSOR_DEFINITIONS = (
					"DEBUG=1",
					"$(inherited)",
				);
				GCC_WARN_64_TO_32_BIT_CONVERSION = YES;
				GCC_WARN_ABOUT_RETURN_TYPE = YES_ERROR;
				GCC_WARN_UNDECLARED_SELECTOR = YES;
				GCC_WARN_UNINITIALIZED_AUTOS = YES_AGGRESSIVE;
				GCC_WARN_UNUSED_FUNCTION = YES;
				GCC_WARN_UNUSED_VARIABLE = YES;
				IPHONEOS_DEPLOYMENT_TARGET = 15.2;
				MTL_ENABLE_DEBUG_INFO = INCLUDE_SOURCE;
				MTL_FAST_MATH = YES;
				ONLY_ACTIVE_ARCH = YES;
				SDKROOT = iphoneos;
				SWIFT_ACTIVE_COMPILATION_CONDITIONS = DEBUG;
				SWIFT_OPTIMIZATION_LEVEL = "-Onone";
			};
			name = Debug;
		};
		184D15DA27D8C01D00877FE2 /* Release */ = {
			isa = XCBuildConfiguration;
			buildSettings = {
				ALWAYS_SEARCH_USER_PATHS = NO;
				CLANG_ANALYZER_NONNULL = YES;
				CLANG_ANALYZER_NUMBER_OBJECT_CONVERSION = YES_AGGRESSIVE;
				CLANG_CXX_LANGUAGE_STANDARD = "gnu++17";
				CLANG_CXX_LIBRARY = "libc++";
				CLANG_ENABLE_MODULES = YES;
				CLANG_ENABLE_OBJC_ARC = YES;
				CLANG_ENABLE_OBJC_WEAK = YES;
				CLANG_WARN_BLOCK_CAPTURE_AUTORELEASING = YES;
				CLANG_WARN_BOOL_CONVERSION = YES;
				CLANG_WARN_COMMA = YES;
				CLANG_WARN_CONSTANT_CONVERSION = YES;
				CLANG_WARN_DEPRECATED_OBJC_IMPLEMENTATIONS = YES;
				CLANG_WARN_DIRECT_OBJC_ISA_USAGE = YES_ERROR;
				CLANG_WARN_DOCUMENTATION_COMMENTS = YES;
				CLANG_WARN_EMPTY_BODY = YES;
				CLANG_WARN_ENUM_CONVERSION = YES;
				CLANG_WARN_INFINITE_RECURSION = YES;
				CLANG_WARN_INT_CONVERSION = YES;
				CLANG_WARN_NON_LITERAL_NULL_CONVERSION = YES;
				CLANG_WARN_OBJC_IMPLICIT_RETAIN_SELF = YES;
				CLANG_WARN_OBJC_LITERAL_CONVERSION = YES;
				CLANG_WARN_OBJC_ROOT_CLASS = YES_ERROR;
				CLANG_WARN_QUOTED_INCLUDE_IN_FRAMEWORK_HEADER = YES;
				CLANG_WARN_RANGE_LOOP_ANALYSIS = YES;
				CLANG_WARN_STRICT_PROTOTYPES = YES;
				CLANG_WARN_SUSPICIOUS_MOVE = YES;
				CLANG_WARN_UNGUARDED_AVAILABILITY = YES_AGGRESSIVE;
				CLANG_WARN_UNREACHABLE_CODE = YES;
				CLANG_WARN__DUPLICATE_METHOD_MATCH = YES;
				COPY_PHASE_STRIP = NO;
				DEBUG_INFORMATION_FORMAT = "dwarf-with-dsym";
				ENABLE_NS_ASSERTIONS = NO;
				ENABLE_STRICT_OBJC_MSGSEND = YES;
				GCC_C_LANGUAGE_STANDARD = gnu11;
				GCC_NO_COMMON_BLOCKS = YES;
				GCC_WARN_64_TO_32_BIT_CONVERSION = YES;
				GCC_WARN_ABOUT_RETURN_TYPE = YES_ERROR;
				GCC_WARN_UNDECLARED_SELECTOR = YES;
				GCC_WARN_UNINITIALIZED_AUTOS = YES_AGGRESSIVE;
				GCC_WARN_UNUSED_FUNCTION = YES;
				GCC_WARN_UNUSED_VARIABLE = YES;
				IPHONEOS_DEPLOYMENT_TARGET = 15.2;
				MTL_ENABLE_DEBUG_INFO = NO;
				MTL_FAST_MATH = YES;
				SDKROOT = iphoneos;
				SWIFT_COMPILATION_MODE = wholemodule;
				SWIFT_OPTIMIZATION_LEVEL = "-O";
				VALIDATE_PRODUCT = YES;
			};
			name = Release;
		};
		184D15DC27D8C01D00877FE2 /* Debug */ = {
			isa = XCBuildConfiguration;
			buildSettings = {
				ASSETCATALOG_COMPILER_APPICON_NAME = AppIcon;
				ASSETCATALOG_COMPILER_GLOBAL_ACCENT_COLOR_NAME = AccentColor;
				CODE_SIGN_STYLE = Automatic;
				CURRENT_PROJECT_VERSION = 1;
				GENERATE_INFOPLIST_FILE = YES;
				INFOPLIST_FILE = "login navigation/Info.plist";
				INFOPLIST_KEY_UIApplicationSupportsIndirectInputEvents = YES;
				INFOPLIST_KEY_UILaunchStoryboardName = LaunchScreen;
				INFOPLIST_KEY_UIMainStoryboardFile = Main;
				INFOPLIST_KEY_UISupportedInterfaceOrientations_iPad = "UIInterfaceOrientationPortrait UIInterfaceOrientationPortraitUpsideDown UIInterfaceOrientationLandscapeLeft UIInterfaceOrientationLandscapeRight";
				INFOPLIST_KEY_UISupportedInterfaceOrientations_iPhone = "UIInterfaceOrientationPortrait UIInterfaceOrientationLandscapeLeft UIInterfaceOrientationLandscapeRight";
				LD_RUNPATH_SEARCH_PATHS = (
					"$(inherited)",
					"@executable_path/Frameworks",
				);
				MARKETING_VERSION = 1.0;
				PRODUCT_BUNDLE_IDENTIFIER = "Apurva.login-navigation";
				PRODUCT_NAME = "$(TARGET_NAME)";
				SWIFT_EMIT_LOC_STRINGS = YES;
				SWIFT_VERSION = 5.0;
				TARGETED_DEVICE_FAMILY = "1,2";
			};
			name = Debug;
		};
		184D15DD27D8C01D00877FE2 /* Release */ = {
			isa = XCBuildConfiguration;
			buildSettings = {
				ASSETCATALOG_COMPILER_APPICON_NAME = AppIcon;
				ASSETCATALOG_COMPILER_GLOBAL_ACCENT_COLOR_NAME = AccentColor;
				CODE_SIGN_STYLE = Automatic;
				CURRENT_PROJECT_VERSION = 1;
				GENERATE_INFOPLIST_FILE = YES;
				INFOPLIST_FILE = "login navigation/Info.plist";
				INFOPLIST_KEY_UIApplicationSupportsIndirectInputEvents = YES;
				INFOPLIST_KEY_UILaunchStoryboardName = LaunchScreen;
				INFOPLIST_KEY_UIMainStoryboardFile = Main;
				INFOPLIST_KEY_UISupportedInterfaceOrientations_iPad = "UIInterfaceOrientationPortrait UIInterfaceOrientationPortraitUpsideDown UIInterfaceOrientationLandscapeLeft UIInterfaceOrientationLandscapeRight";
				INFOPLIST_KEY_UISupportedInterfaceOrientations_iPhone = "UIInterfaceOrientationPortrait UIInterfaceOrientationLandscapeLeft UIInterfaceOrientationLandscapeRight";
				LD_RUNPATH_SEARCH_PATHS = (
					"$(inherited)",
					"@executable_path/Frameworks",
				);
				MARKETING_VERSION = 1.0;
				PRODUCT_BUNDLE_IDENTIFIER = "Apurva.login-navigation";
				PRODUCT_NAME = "$(TARGET_NAME)";
				SWIFT_EMIT_LOC_STRINGS = YES;
				SWIFT_VERSION = 5.0;
				TARGETED_DEVICE_FAMILY = "1,2";
			};
			name = Release;
		};
		184D15DF27D8C01D00877FE2 /* Debug */ = {
			isa = XCBuildConfiguration;
			buildSettings = {
				ALWAYS_EMBED_SWIFT_STANDARD_LIBRARIES = YES;
				BUNDLE_LOADER = "$(TEST_HOST)";
				CODE_SIGN_STYLE = Automatic;
				CURRENT_PROJECT_VERSION = 1;
				GENERATE_INFOPLIST_FILE = YES;
				IPHONEOS_DEPLOYMENT_TARGET = 15.2;
				MARKETING_VERSION = 1.0;
				PRODUCT_BUNDLE_IDENTIFIER = "Apurva.login-navigationTests";
				PRODUCT_NAME = "$(TARGET_NAME)";
				SWIFT_EMIT_LOC_STRINGS = NO;
				SWIFT_VERSION = 5.0;
				TARGETED_DEVICE_FAMILY = "1,2";
				TEST_HOST = "$(BUILT_PRODUCTS_DIR)/login navigation.app/login navigation";
			};
			name = Debug;
		};
		184D15E027D8C01D00877FE2 /* Release */ = {
			isa = XCBuildConfiguration;
			buildSettings = {
				ALWAYS_EMBED_SWIFT_STANDARD_LIBRARIES = YES;
				BUNDLE_LOADER = "$(TEST_HOST)";
				CODE_SIGN_STYLE = Automatic;
				CURRENT_PROJECT_VERSION = 1;
				GENERATE_INFOPLIST_FILE = YES;
				IPHONEOS_DEPLOYMENT_TARGET = 15.2;
				MARKETING_VERSION = 1.0;
				PRODUCT_BUNDLE_IDENTIFIER = "Apurva.login-navigationTests";
				PRODUCT_NAME = "$(TARGET_NAME)";
				SWIFT_EMIT_LOC_STRINGS = NO;
				SWIFT_VERSION = 5.0;
				TARGETED_DEVICE_FAMILY = "1,2";
				TEST_HOST = "$(BUILT_PRODUCTS_DIR)/login navigation.app/login navigation";
			};
			name = Release;
		};
		184D15E227D8C01D00877FE2 /* Debug */ = {
			isa = XCBuildConfiguration;
			buildSettings = {
				ALWAYS_EMBED_SWIFT_STANDARD_LIBRARIES = YES;
				CODE_SIGN_STYLE = Automatic;
				CURRENT_PROJECT_VERSION = 1;
				GENERATE_INFOPLIST_FILE = YES;
				MARKETING_VERSION = 1.0;
				PRODUCT_BUNDLE_IDENTIFIER = "Apurva.login-navigationUITests";
				PRODUCT_NAME = "$(TARGET_NAME)";
				SWIFT_EMIT_LOC_STRINGS = NO;
				SWIFT_VERSION = 5.0;
				TARGETED_DEVICE_FAMILY = "1,2";
				TEST_TARGET_NAME = "login navigation";
			};
			name = Debug;
		};
		184D15E327D8C01D00877FE2 /* Release */ = {
			isa = XCBuildConfiguration;
			buildSettings = {
				ALWAYS_EMBED_SWIFT_STANDARD_LIBRARIES = YES;
				CODE_SIGN_STYLE = Automatic;
				CURRENT_PROJECT_VERSION = 1;
				GENERATE_INFOPLIST_FILE = YES;
				MARKETING_VERSION = 1.0;
				PRODUCT_BUNDLE_IDENTIFIER = "Apurva.login-navigationUITests";
				PRODUCT_NAME = "$(TARGET_NAME)";
				SWIFT_EMIT_LOC_STRINGS = NO;
				SWIFT_VERSION = 5.0;
				TARGETED_DEVICE_FAMILY = "1,2";
				TEST_TARGET_NAME = "login navigation";
			};
			name = Release;
		};
/* End XCBuildConfiguration section */

/* Begin XCConfigurationList section */
		184D15AC27D8C01B00877FE2 /* Build configuration list for PBXProject "login navigation" */ = {
			isa = XCConfigurationList;
			buildConfigurations = (
				184D15D927D8C01D00877FE2 /* Debug */,
				184D15DA27D8C01D00877FE2 /* Release */,
			);
			defaultConfigurationIsVisible = 0;
			defaultConfigurationName = Release;
		};
		184D15DB27D8C01D00877FE2 /* Build configuration list for PBXNativeTarget "login navigation" */ = {
			isa = XCConfigurationList;
			buildConfigurations = (
				184D15DC27D8C01D00877FE2 /* Debug */,
				184D15DD27D8C01D00877FE2 /* Release */,
			);
			defaultConfigurationIsVisible = 0;
			defaultConfigurationName = Release;
		};
		184D15DE27D8C01D00877FE2 /* Build configuration list for PBXNativeTarget "login navigationTests" */ = {
			isa = XCConfigurationList;
			buildConfigurations = (
				184D15DF27D8C01D00877FE2 /* Debug */,
				184D15E027D8C01D00877FE2 /* Release */,
			);
			defaultConfigurationIsVisible = 0;
			defaultConfigurationName = Release;
		};
		184D15E127D8C01D00877FE2 /* Build configuration list for PBXNativeTarget "login navigationUITests" */ = {
			isa = XCConfigurationList;
			buildConfigurations = (
				184D15E227D8C01D00877FE2 /* Debug */,
				184D15E327D8C01D00877FE2 /* Release */,
			);
			defaultConfigurationIsVisible = 0;
			defaultConfigurationName = Release;
		};
/* End XCConfigurationList section */
	};
	rootObject = 184D15A927D8C01B00877FE2 /* Project object */;
}
